
Microsoft Visual Studio Solution File, Format Version 12.00
# Visual Studio 14
VisualStudioVersion = 14.0.25420.1
MinimumVisualStudioVersion = 10.0.40219.1
Project("{2150E333-8FDC-42A3-9474-1A3956D46DE8}") = "src", "src", "{FC38BBFC-F9F7-45F8-ADAD-71080BC15D6E}"
EndProject
Project("{2150E333-8FDC-42A3-9474-1A3956D46DE8}") = "Solution Items", "Solution Items", "{EE7DE0AA-5154-4A76-B337-1B78DA694030}"
	ProjectSection(SolutionItems) = preProject
		global.json = global.json
	EndProjectSection
EndProject
Project("{8BB2217D-0F2D-49D1-97BC-3654ED321F3B}") = "TestTaskAsp", "src\TestTaskAsp\TestTaskAsp.xproj", "{F03C66A7-BD13-4913-A1F2-60E9D790F1B7}"
EndProject
Global
	GlobalSection(SolutionConfigurationPlatforms) = preSolution
		Debug|Any CPU = Debug|Any CPU
		Release|Any CPU = Release|Any CPU
	EndGlobalSection
	GlobalSection(ProjectConfigurationPlatforms) = postSolution
		{F03C66A7-BD13-4913-A1F2-60E9D790F1B7}.Debug|Any CPU.ActiveCfg = Debug|Any CPU
		{F03C66A7-BD13-4913-A1F2-60E9D790F1B7}.Debug|Any CPU.Build.0 = Debug|Any CPU
		{F03C66A7-BD13-4913-A1F2-60E9D790F1B7}.Release|Any CPU.ActiveCfg = Release|Any CPU
		{F03C66A7-BD13-4913-A1F2-60E9D790F1B7}.Release|Any CPU.Build.0 = Release|Any CPU
	EndGlobalSection
	GlobalSection(SolutionProperties) = preSolution
		HideSolutionNode = FALSE
	EndGlobalSection
	GlobalSection(NestedProjects) = preSolution
		{F03C66A7-BD13-4913-A1F2-60E9D790F1B7} = {FC38BBFC-F9F7-45F8-ADAD-71080BC15D6E}
	EndGlobalSection
EndGlobal
